// !$*UTF8*$!
{
	archiveVersion = 1;
	classes = {
	};
	objectVersion = 55;
	objects = {

/* Begin PBXBuildFile section */
		B035EFCB2875D1170081DDB2 /* Resources.swift in Sources */ = {isa = PBXBuildFile; fileRef = B035EFCA2875D1170081DDB2 /* Resources.swift */; };
		B04E36B9287DAD44009783D0 /* PhoneSingUpViewController.swift in Sources */ = {isa = PBXBuildFile; fileRef = B04E36B8287DAD44009783D0 /* PhoneSingUpViewController.swift */; };
		B0AF2788285CCA0B000C0C56 /* AppDelegate.swift in Sources */ = {isa = PBXBuildFile; fileRef = B0AF2787285CCA0B000C0C56 /* AppDelegate.swift */; };
		B0AF278A285CCA0B000C0C56 /* SceneDelegate.swift in Sources */ = {isa = PBXBuildFile; fileRef = B0AF2789285CCA0B000C0C56 /* SceneDelegate.swift */; };
		B0AF278F285CCA0B000C0C56 /* Main.storyboard in Resources */ = {isa = PBXBuildFile; fileRef = B0AF278D285CCA0B000C0C56 /* Main.storyboard */; };
		B0AF2791285CCA10000C0C56 /* Assets.xcassets in Resources */ = {isa = PBXBuildFile; fileRef = B0AF2790285CCA10000C0C56 /* Assets.xcassets */; };
		B0AF2794285CCA10000C0C56 /* LaunchScreen.storyboard in Resources */ = {isa = PBXBuildFile; fileRef = B0AF2792285CCA10000C0C56 /* LaunchScreen.storyboard */; };
		B0AF27C228621548000C0C56 /* OnBoardingViewController.swift in Sources */ = {isa = PBXBuildFile; fileRef = B0AF27C128621548000C0C56 /* OnBoardingViewController.swift */; };
		B0AF27C4286218D6000C0C56 /* UIView+Extantions.swift in Sources */ = {isa = PBXBuildFile; fileRef = B0AF27C3286218D6000C0C56 /* UIView+Extantions.swift */; };
		B0AF27C6286219FD000C0C56 /* OnboardingSlide.swift in Sources */ = {isa = PBXBuildFile; fileRef = B0AF27C5286219FD000C0C56 /* OnboardingSlide.swift */; };
		B0AF27C82862D871000C0C56 /* OnboardingCollectionViewCell.swift in Sources */ = {isa = PBXBuildFile; fileRef = B0AF27C72862D871000C0C56 /* OnboardingCollectionViewCell.swift */; };
		B0AF27CE286A06B1000C0C56 /* WelcomeScreenViewController.swift in Sources */ = {isa = PBXBuildFile; fileRef = B0AF27CD286A06B1000C0C56 /* WelcomeScreenViewController.swift */; };
		B0AF27DA286D9DFA000C0C56 /* SingUpViewController.swift in Sources */ = {isa = PBXBuildFile; fileRef = B0AF27D9286D9DFA000C0C56 /* SingUpViewController.swift */; };
/* End PBXBuildFile section */

/* Begin PBXFileReference section */
		B035EFCA2875D1170081DDB2 /* Resources.swift */ = {isa = PBXFileReference; lastKnownFileType = sourcecode.swift; path = Resources.swift; sourceTree = "<group>"; };
		B04E36B8287DAD44009783D0 /* PhoneSingUpViewController.swift */ = {isa = PBXFileReference; lastKnownFileType = sourcecode.swift; path = PhoneSingUpViewController.swift; sourceTree = "<group>"; };
		B0AF2784285CCA0B000C0C56 /* Travelly.app */ = {isa = PBXFileReference; explicitFileType = wrapper.application; includeInIndex = 0; path = Travelly.app; sourceTree = BUILT_PRODUCTS_DIR; };
		B0AF2787285CCA0B000C0C56 /* AppDelegate.swift */ = {isa = PBXFileReference; lastKnownFileType = sourcecode.swift; path = AppDelegate.swift; sourceTree = "<group>"; };
		B0AF2789285CCA0B000C0C56 /* SceneDelegate.swift */ = {isa = PBXFileReference; lastKnownFileType = sourcecode.swift; path = SceneDelegate.swift; sourceTree = "<group>"; };
		B0AF278E285CCA0B000C0C56 /* Base */ = {isa = PBXFileReference; lastKnownFileType = file.storyboard; name = Base; path = Base.lproj/Main.storyboard; sourceTree = "<group>"; };
		B0AF2790285CCA10000C0C56 /* Assets.xcassets */ = {isa = PBXFileReference; lastKnownFileType = folder.assetcatalog; path = Assets.xcassets; sourceTree = "<group>"; };
		B0AF2793285CCA10000C0C56 /* Base */ = {isa = PBXFileReference; lastKnownFileType = file.storyboard; name = Base; path = Base.lproj/LaunchScreen.storyboard; sourceTree = "<group>"; };
		B0AF2795285CCA10000C0C56 /* Info.plist */ = {isa = PBXFileReference; lastKnownFileType = text.plist.xml; path = Info.plist; sourceTree = "<group>"; };
		B0AF27C128621548000C0C56 /* OnBoardingViewController.swift */ = {isa = PBXFileReference; lastKnownFileType = sourcecode.swift; path = OnBoardingViewController.swift; sourceTree = "<group>"; };
		B0AF27C3286218D6000C0C56 /* UIView+Extantions.swift */ = {isa = PBXFileReference; lastKnownFileType = sourcecode.swift; path = "UIView+Extantions.swift"; sourceTree = "<group>"; };
		B0AF27C5286219FD000C0C56 /* OnboardingSlide.swift */ = {isa = PBXFileReference; lastKnownFileType = sourcecode.swift; path = OnboardingSlide.swift; sourceTree = "<group>"; };
		B0AF27C72862D871000C0C56 /* OnboardingCollectionViewCell.swift */ = {isa = PBXFileReference; lastKnownFileType = sourcecode.swift; path = OnboardingCollectionViewCell.swift; sourceTree = "<group>"; };
		B0AF27CD286A06B1000C0C56 /* WelcomeScreenViewController.swift */ = {isa = PBXFileReference; lastKnownFileType = sourcecode.swift; path = WelcomeScreenViewController.swift; sourceTree = "<group>"; };
		B0AF27D9286D9DFA000C0C56 /* SingUpViewController.swift */ = {isa = PBXFileReference; lastKnownFileType = sourcecode.swift; path = SingUpViewController.swift; sourceTree = "<group>"; };
/* End PBXFileReference section */

/* Begin PBXFrameworksBuildPhase section */
		B0AF2781285CCA0B000C0C56 /* Frameworks */ = {
			isa = PBXFrameworksBuildPhase;
			buildActionMask = 2147483647;
			files = (
			);
			runOnlyForDeploymentPostprocessing = 0;
		};
/* End PBXFrameworksBuildPhase section */

/* Begin PBXGroup section */
		B0AF277B285CCA0B000C0C56 = {
			isa = PBXGroup;
			children = (
				B0AF2786285CCA0B000C0C56 /* Travelly */,
				B0AF2785285CCA0B000C0C56 /* Products */,
			);
			sourceTree = "<group>";
		};
		B0AF2785285CCA0B000C0C56 /* Products */ = {
			isa = PBXGroup;
			children = (
				B0AF2784285CCA0B000C0C56 /* Travelly.app */,
			);
			name = Products;
			sourceTree = "<group>";
		};
		B0AF2786285CCA0B000C0C56 /* Travelly */ = {
			isa = PBXGroup;
			children = (
				B0AF279B285CCECF000C0C56 /* Extansions */,
				B0AF279C285CCEDB000C0C56 /* CustomViews */,
				B0AF279E285CCEF3000C0C56 /* Views */,
				B0AF279F285CCEFD000C0C56 /* Models */,
				B0AF2787285CCA0B000C0C56 /* AppDelegate.swift */,
				B0AF2789285CCA0B000C0C56 /* SceneDelegate.swift */,
				B0AF278D285CCA0B000C0C56 /* Main.storyboard */,
				B0AF2790285CCA10000C0C56 /* Assets.xcassets */,
				B0AF2792285CCA10000C0C56 /* LaunchScreen.storyboard */,
				B0AF2795285CCA10000C0C56 /* Info.plist */,
			);
			path = Travelly;
			sourceTree = "<group>";
		};
		B0AF279B285CCECF000C0C56 /* Extansions */ = {
			isa = PBXGroup;
			children = (
				B0AF27C3286218D6000C0C56 /* UIView+Extantions.swift */,
				B035EFCA2875D1170081DDB2 /* Resources.swift */,
			);
			path = Extansions;
			sourceTree = "<group>";
		};
		B0AF279C285CCEDB000C0C56 /* CustomViews */ = {
			isa = PBXGroup;
			children = (
			);
			path = CustomViews;
			sourceTree = "<group>";
		};
		B0AF279E285CCEF3000C0C56 /* Views */ = {
			isa = PBXGroup;
			children = (
				B0AF27D8286D9DE1000C0C56 /* SingUpScreen */,
				B0AF27CA286A061D000C0C56 /* WelcomScreen */,
				B0AF27C9286A05F4000C0C56 /* Home */,
				B0AF27A0285CCF2F000C0C56 /* Onboarding */,
			);
			path = Views;
			sourceTree = "<group>";
		};
		B0AF279F285CCEFD000C0C56 /* Models */ = {
			isa = PBXGroup;
			children = (
				B0AF27C5286219FD000C0C56 /* OnboardingSlide.swift */,
			);
			path = Models;
			sourceTree = "<group>";
		};
		B0AF27A0285CCF2F000C0C56 /* Onboarding */ = {
			isa = PBXGroup;
			children = (
				B0AF27C128621548000C0C56 /* OnBoardingViewController.swift */,
				B0AF27C72862D871000C0C56 /* OnboardingCollectionViewCell.swift */,
			);
			path = Onboarding;
			sourceTree = "<group>";
		};
		B0AF27C9286A05F4000C0C56 /* Home */ = {
			isa = PBXGroup;
			children = (
			);
			path = Home;
			sourceTree = "<group>";
		};
		B0AF27CA286A061D000C0C56 /* WelcomScreen */ = {
			isa = PBXGroup;
			children = (
				B0AF27CD286A06B1000C0C56 /* WelcomeScreenViewController.swift */,
			);
			path = WelcomScreen;
			sourceTree = "<group>";
		};
		B0AF27D8286D9DE1000C0C56 /* SingUpScreen */ = {
			isa = PBXGroup;
			children = (
				B0AF27D9286D9DFA000C0C56 /* SingUpViewController.swift */,
				B04E36B8287DAD44009783D0 /* PhoneSingUpViewController.swift */,
			);
			path = SingUpScreen;
			sourceTree = "<group>";
		};
/* End PBXGroup section */

/* Begin PBXNativeTarget section */
		B0AF2783285CCA0B000C0C56 /* Travelly */ = {
			isa = PBXNativeTarget;
			buildConfigurationList = B0AF2798285CCA10000C0C56 /* Build configuration list for PBXNativeTarget "Travelly" */;
			buildPhases = (
				B0AF2780285CCA0B000C0C56 /* Sources */,
				B0AF2781285CCA0B000C0C56 /* Frameworks */,
				B0AF2782285CCA0B000C0C56 /* Resources */,
			);
			buildRules = (
			);
			dependencies = (
			);
			name = Travelly;
			productName = Travelly;
			productReference = B0AF2784285CCA0B000C0C56 /* Travelly.app */;
			productType = "com.apple.product-type.application";
		};
/* End PBXNativeTarget section */

/* Begin PBXProject section */
		B0AF277C285CCA0B000C0C56 /* Project object */ = {
			isa = PBXProject;
			attributes = {
				BuildIndependentTargetsInParallel = 1;
				LastSwiftUpdateCheck = 1340;
				LastUpgradeCheck = 1340;
				TargetAttributes = {
					B0AF2783285CCA0B000C0C56 = {
						CreatedOnToolsVersion = 13.4.1;
					};
				};
			};
			buildConfigurationList = B0AF277F285CCA0B000C0C56 /* Build configuration list for PBXProject "Travelly" */;
			compatibilityVersion = "Xcode 13.0";
			developmentRegion = en;
			hasScannedForEncodings = 0;
			knownRegions = (
				en,
				Base,
			);
			mainGroup = B0AF277B285CCA0B000C0C56;
			productRefGroup = B0AF2785285CCA0B000C0C56 /* Products */;
			projectDirPath = "";
			projectRoot = "";
			targets = (
				B0AF2783285CCA0B000C0C56 /* Travelly */,
			);
		};
/* End PBXProject section */

/* Begin PBXResourcesBuildPhase section */
		B0AF2782285CCA0B000C0C56 /* Resources */ = {
			isa = PBXResourcesBuildPhase;
			buildActionMask = 2147483647;
			files = (
				B0AF2794285CCA10000C0C56 /* LaunchScreen.storyboard in Resources */,
				B0AF2791285CCA10000C0C56 /* Assets.xcassets in Resources */,
				B0AF278F285CCA0B000C0C56 /* Main.storyboard in Resources */,
			);
			runOnlyForDeploymentPostprocessing = 0;
		};
/* End PBXResourcesBuildPhase section */

/* Begin PBXSourcesBuildPhase section */
		B0AF2780285CCA0B000C0C56 /* Sources */ = {
			isa = PBXSourcesBuildPhase;
			buildActionMask = 2147483647;
			files = (
				B0AF27C6286219FD000C0C56 /* OnboardingSlide.swift in Sources */,
				B0AF2788285CCA0B000C0C56 /* AppDelegate.swift in Sources */,
				B0AF27DA286D9DFA000C0C56 /* SingUpViewController.swift in Sources */,
				B0AF278A285CCA0B000C0C56 /* SceneDelegate.swift in Sources */,
				B0AF27C228621548000C0C56 /* OnBoardingViewController.swift in Sources */,
				B04E36B9287DAD44009783D0 /* PhoneSingUpViewController.swift in Sources */,
				B0AF27C4286218D6000C0C56 /* UIView+Extantions.swift in Sources */,
				B035EFCB2875D1170081DDB2 /* Resources.swift in Sources */,
				B0AF27CE286A06B1000C0C56 /* WelcomeScreenViewController.swift in Sources */,
				B0AF27C82862D871000C0C56 /* OnboardingCollectionViewCell.swift in Sources */,
			);
			runOnlyForDeploymentPostprocessing = 0;
		};
/* End PBXSourcesBuildPhase section */

/* Begin PBXVariantGroup section */
		B0AF278D285CCA0B000C0C56 /* Main.storyboard */ = {
			isa = PBXVariantGroup;
			children = (
				B0AF278E285CCA0B000C0C56 /* Base */,
			);
			name = Main.storyboard;
			sourceTree = "<group>";
		};
		B0AF2792285CCA10000C0C56 /* LaunchScreen.storyboard */ = {
			isa = PBXVariantGroup;
			children = (
				B0AF2793285CCA10000C0C56 /* Base */,
			);
			name = LaunchScreen.storyboard;
			sourceTree = "<group>";
		};
/* End PBXVariantGroup section */

/* Begin XCBuildConfiguration section */
		B0AF2796285CCA10000C0C56 /* Debug */ = {
			isa = XCBuildConfiguration;
			buildSettings = {
				ALWAYS_SEARCH_USER_PATHS = NO;
				CLANG_ANALYZER_NONNULL = YES;
				CLANG_ANALYZER_NUMBER_OBJECT_CONVERSION = YES_AGGRESSIVE;
				CLANG_CXX_LANGUAGE_STANDARD = "gnu++17";
				CLANG_ENABLE_MODULES = YES;
				CLANG_ENABLE_OBJC_ARC = YES;
				CLANG_ENABLE_OBJC_WEAK = YES;
				CLANG_WARN_BLOCK_CAPTURE_AUTORELEASING = YES;
				CLANG_WARN_BOOL_CONVERSION = YES;
				CLANG_WARN_COMMA = YES;
				CLANG_WARN_CONSTANT_CONVERSION = YES;
				CLANG_WARN_DEPRECATED_OBJC_IMPLEMENTATIONS = YES;
				CLANG_WARN_DIRECT_OBJC_ISA_USAGE = YES_ERROR;
				CLANG_WARN_DOCUMENTATION_COMMENTS = YES;
				CLANG_WARN_EMPTY_BODY = YES;
				CLANG_WARN_ENUM_CONVERSION = YES;
				CLANG_WARN_INFINITE_RECURSION = YES;
				CLANG_WARN_INT_CONVERSION = YES;
				CLANG_WARN_NON_LITERAL_NULL_CONVERSION = YES;
				CLANG_WARN_OBJC_IMPLICIT_RETAIN_SELF = YES;
				CLANG_WARN_OBJC_LITERAL_CONVERSION = YES;
				CLANG_WARN_OBJC_ROOT_CLASS = YES_ERROR;
				CLANG_WARN_QUOTED_INCLUDE_IN_FRAMEWORK_HEADER = YES;
				CLANG_WARN_RANGE_LOOP_ANALYSIS = YES;
				CLANG_WARN_STRICT_PROTOTYPES = YES;
				CLANG_WARN_SUSPICIOUS_MOVE = YES;
				CLANG_WARN_UNGUARDED_AVAILABILITY = YES_AGGRESSIVE;
				CLANG_WARN_UNREACHABLE_CODE = YES;
				CLANG_WARN__DUPLICATE_METHOD_MATCH = YES;
				COPY_PHASE_STRIP = NO;
				DEBUG_INFORMATION_FORMAT = dwarf;
				ENABLE_STRICT_OBJC_MSGSEND = YES;
				ENABLE_TESTABILITY = YES;
				GCC_C_LANGUAGE_STANDARD = gnu11;
				GCC_DYNAMIC_NO_PIC = NO;
				GCC_NO_COMMON_BLOCKS = YES;
				GCC_OPTIMIZATION_LEVEL = 0;
				GCC_PREPROCESSOR_DEFINITIONS = (
					"DEBUG=1",
					"$(inherited)",
				);
				GCC_WARN_64_TO_32_BIT_CONVERSION = YES;
				GCC_WARN_ABOUT_RETURN_TYPE = YES_ERROR;
				GCC_WARN_UNDECLARED_SELECTOR = YES;
				GCC_WARN_UNINITIALIZED_AUTOS = YES_AGGRESSIVE;
				GCC_WARN_UNUSED_FUNCTION = YES;
				GCC_WARN_UNUSED_VARIABLE = YES;
				IPHONEOS_DEPLOYMENT_TARGET = 15.5;
				MTL_ENABLE_DEBUG_INFO = INCLUDE_SOURCE;
				MTL_FAST_MATH = YES;
				ONLY_ACTIVE_ARCH = YES;
				SDKROOT = iphoneos;
				SWIFT_ACTIVE_COMPILATION_CONDITIONS = DEBUG;
				SWIFT_OPTIMIZATION_LEVEL = "-Onone";
			};
			name = Debug;
		};
		B0AF2797285CCA10000C0C56 /* Release */ = {
			isa = XCBuildConfiguration;
			buildSettings = {
				ALWAYS_SEARCH_USER_PATHS = NO;
				CLANG_ANALYZER_NONNULL = YES;
				CLANG_ANALYZER_NUMBER_OBJECT_CONVERSION = YES_AGGRESSIVE;
				CLANG_CXX_LANGUAGE_STANDARD = "gnu++17";
				CLANG_ENABLE_MODULES = YES;
				CLANG_ENABLE_OBJC_ARC = YES;
				CLANG_ENABLE_OBJC_WEAK = YES;
				CLANG_WARN_BLOCK_CAPTURE_AUTORELEASING = YES;
				CLANG_WARN_BOOL_CONVERSION = YES;
				CLANG_WARN_COMMA = YES;
				CLANG_WARN_CONSTANT_CONVERSION = YES;
				CLANG_WARN_DEPRECATED_OBJC_IMPLEMENTATIONS = YES;
				CLANG_WARN_DIRECT_OBJC_ISA_USAGE = YES_ERROR;
				CLANG_WARN_DOCUMENTATION_COMMENTS = YES;
				CLANG_WARN_EMPTY_BODY = YES;
				CLANG_WARN_ENUM_CONVERSION = YES;
				CLANG_WARN_INFINITE_RECURSION = YES;
				CLANG_WARN_INT_CONVERSION = YES;
				CLANG_WARN_NON_LITERAL_NULL_CONVERSION = YES;
				CLANG_WARN_OBJC_IMPLICIT_RETAIN_SELF = YES;
				CLANG_WARN_OBJC_LITERAL_CONVERSION = YES;
				CLANG_WARN_OBJC_ROOT_CLASS = YES_ERROR;
				CLANG_WARN_QUOTED_INCLUDE_IN_FRAMEWORK_HEADER = YES;
				CLANG_WARN_RANGE_LOOP_ANALYSIS = YES;
				CLANG_WARN_STRICT_PROTOTYPES = YES;
				CLANG_WARN_SUSPICIOUS_MOVE = YES;
				CLANG_WARN_UNGUARDED_AVAILABILITY = YES_AGGRESSIVE;
				CLANG_WARN_UNREACHABLE_CODE = YES;
				CLANG_WARN__DUPLICATE_METHOD_MATCH = YES;
				COPY_PHASE_STRIP = NO;
				DEBUG_INFORMATION_FORMAT = "dwarf-with-dsym";
				ENABLE_NS_ASSERTIONS = NO;
				ENABLE_STRICT_OBJC_MSGSEND = YES;
				GCC_C_LANGUAGE_STANDARD = gnu11;
				GCC_NO_COMMON_BLOCKS = YES;
				GCC_WARN_64_TO_32_BIT_CONVERSION = YES;
				GCC_WARN_ABOUT_RETURN_TYPE = YES_ERROR;
				GCC_WARN_UNDECLARED_SELECTOR = YES;
				GCC_WARN_UNINITIALIZED_AUTOS = YES_AGGRESSIVE;
				GCC_WARN_UNUSED_FUNCTION = YES;
				GCC_WARN_UNUSED_VARIABLE = YES;
				IPHONEOS_DEPLOYMENT_TARGET = 15.5;
				MTL_ENABLE_DEBUG_INFO = NO;
				MTL_FAST_MATH = YES;
				SDKROOT = iphoneos;
				SWIFT_COMPILATION_MODE = wholemodule;
				SWIFT_OPTIMIZATION_LEVEL = "-O";
				VALIDATE_PRODUCT = YES;
			};
			name = Release;
		};
		B0AF2799285CCA10000C0C56 /* Debug */ = {
			isa = XCBuildConfiguration;
			buildSettings = {
				ASSETCATALOG_COMPILER_APPICON_NAME = AppIcon;
				ASSETCATALOG_COMPILER_GLOBAL_ACCENT_COLOR_NAME = AccentColor;
				CODE_SIGN_STYLE = Automatic;
				CURRENT_PROJECT_VERSION = 1;
				GENERATE_INFOPLIST_FILE = YES;
				INFOPLIST_FILE = Travelly/Info.plist;
				INFOPLIST_KEY_UIApplicationSupportsIndirectInputEvents = YES;
				INFOPLIST_KEY_UILaunchStoryboardName = LaunchScreen;
				INFOPLIST_KEY_UIMainStoryboardFile = Main;
				INFOPLIST_KEY_UISupportedInterfaceOrientations_iPad = "UIInterfaceOrientationPortrait UIInterfaceOrientationPortraitUpsideDown UIInterfaceOrientationLandscapeLeft UIInterfaceOrientationLandscapeRight";
				INFOPLIST_KEY_UISupportedInterfaceOrientations_iPhone = "UIInterfaceOrientationPortrait UIInterfaceOrientationLandscapeLeft UIInterfaceOrientationLandscapeRight";
				IPHONEOS_DEPLOYMENT_TARGET = 15.5;
				LD_RUNPATH_SEARCH_PATHS = (
					"$(inherited)",
					"@executable_path/Frameworks",
				);
				MARKETING_VERSION = 1.0;
				PRODUCT_BUNDLE_IDENTIFIER = com.toanio.Travelly;
				PRODUCT_NAME = "$(TARGET_NAME)";
				SWIFT_EMIT_LOC_STRINGS = YES;
				SWIFT_VERSION = 5.0;
				TARGETED_DEVICE_FAMILY = "1,2";
			};
			name = Debug;
		};
		B0AF279A285CCA10000C0C56 /* Release */ = {
			isa = XCBuildConfiguration;
			buildSettings = {
				ASSETCATALOG_COMPILER_APPICON_NAME = AppIcon;
				ASSETCATALOG_COMPILER_GLOBAL_ACCENT_COLOR_NAME = AccentColor;
				CODE_SIGN_STYLE = Automatic;
				CURRENT_PROJECT_VERSION = 1;
				GENERATE_INFOPLIST_FILE = YES;
				INFOPLIST_FILE = Travelly/Info.plist;
				INFOPLIST_KEY_UIApplicationSupportsIndirectInputEvents = YES;
				INFOPLIST_KEY_UILaunchStoryboardName = LaunchScreen;
				INFOPLIST_KEY_UIMainStoryboardFile = Main;
				INFOPLIST_KEY_UISupportedInterfaceOrientations_iPad = "UIInterfaceOrientationPortrait UIInterfaceOrientationPortraitUpsideDown UIInterfaceOrientationLandscapeLeft UIInterfaceOrientationLandscapeRight";
				INFOPLIST_KEY_UISupportedInterfaceOrientations_iPhone = "UIInterfaceOrientationPortrait UIInterfaceOrientationLandscapeLeft UIInterfaceOrientationLandscapeRight";
				IPHONEOS_DEPLOYMENT_TARGET = 15.5;
				LD_RUNPATH_SEARCH_PATHS = (
					"$(inherited)",
					"@executable_path/Frameworks",
				);
				MARKETING_VERSION = 1.0;
				PRODUCT_BUNDLE_IDENTIFIER = com.toanio.Travelly;
				PRODUCT_NAME = "$(TARGET_NAME)";
				SWIFT_EMIT_LOC_STRINGS = YES;
				SWIFT_VERSION = 5.0;
				TARGETED_DEVICE_FAMILY = "1,2";
			};
			name = Release;
		};
/* End XCBuildConfiguration section */

/* Begin XCConfigurationList section */
		B0AF277F285CCA0B000C0C56 /* Build configuration list for PBXProject "Travelly" */ = {
			isa = XCConfigurationList;
			buildConfigurations = (
				B0AF2796285CCA10000C0C56 /* Debug */,
				B0AF2797285CCA10000C0C56 /* Release */,
			);
			defaultConfigurationIsVisible = 0;
			defaultConfigurationName = Release;
		};
		B0AF2798285CCA10000C0C56 /* Build configuration list for PBXNativeTarget "Travelly" */ = {
			isa = XCConfigurationList;
			buildConfigurations = (
				B0AF2799285CCA10000C0C56 /* Debug */,
				B0AF279A285CCA10000C0C56 /* Release */,
			);
			defaultConfigurationIsVisible = 0;
			defaultConfigurationName = Release;
		};
/* End XCConfigurationList section */
	};
	rootObject = B0AF277C285CCA0B000C0C56 /* Project object */;
}
